
Microsoft Visual Studio Solution File, Format Version 12.00
# Visual Studio 2013
VisualStudioVersion = 12.0.21005.1
MinimumVisualStudioVersion = 10.0.40219.1
Project("{FAE04EC0-301F-11D3-BF4B-00C04F79EFBC}") = "Exercise", "Exercise\Exercise.csproj", "{9D62FD7F-126C-4C13-8C06-F58746F6C72D}"
EndProject
Project("{FAE04EC0-301F-11D3-BF4B-00C04F79EFBC}") = "DataModel", "DataModel\DataModel.csproj", "{C6CD0018-3329-4A97-A370-7709300D1B80}"
EndProject
Project("{FAE04EC0-301F-11D3-BF4B-00C04F79EFBC}") = "BusinessServices", "BusinessServices\BusinessServices.csproj", "{F99B205D-B0B6-4501-8B17-20917C420148}"
EndProject
Global
	GlobalSection(SolutionConfigurationPlatforms) = preSolution
		Debug|Any CPU = Debug|Any CPU
		Release|Any CPU = Release|Any CPU
	EndGlobalSection
	GlobalSection(ProjectConfigurationPlatforms) = postSolution
		{9D62FD7F-126C-4C13-8C06-F58746F6C72D}.Debug|Any CPU.ActiveCfg = Debug|Any CPU
		{9D62FD7F-126C-4C13-8C06-F58746F6C72D}.Debug|Any CPU.Build.0 = Debug|Any CPU
		{9D62FD7F-126C-4C13-8C06-F58746F6C72D}.Release|Any CPU.ActiveCfg = Release|Any CPU
		{9D62FD7F-126C-4C13-8C06-F58746F6C72D}.Release|Any CPU.Build.0 = Release|Any CPU
		{C6CD0018-3329-4A97-A370-7709300D1B80}.Debug|Any CPU.ActiveCfg = Debug|Any CPU
		{C6CD0018-3329-4A97-A370-7709300D1B80}.Debug|Any CPU.Build.0 = Debug|Any CPU
		{C6CD0018-3329-4A97-A370-7709300D1B80}.Release|Any CPU.ActiveCfg = Release|Any CPU
		{C6CD0018-3329-4A97-A370-7709300D1B80}.Release|Any CPU.Build.0 = Release|Any CPU
		{F99B205D-B0B6-4501-8B17-20917C420148}.Debug|Any CPU.ActiveCfg = Debug|Any CPU
		{F99B205D-B0B6-4501-8B17-20917C420148}.Debug|Any CPU.Build.0 = Debug|Any CPU
		{F99B205D-B0B6-4501-8B17-20917C420148}.Release|Any CPU.ActiveCfg = Release|Any CPU
		{F99B205D-B0B6-4501-8B17-20917C420148}.Release|Any CPU.Build.0 = Release|Any CPU
	EndGlobalSection
	GlobalSection(SolutionProperties) = preSolution
		HideSolutionNode = FALSE
	EndGlobalSection
EndGlobal
